{
  "name": "node-red-contrib-tado-client",
  "version": "0.9.8",
  "lockfileVersion": 2,
  "requires": true,
  "packages": {
    "": {
      "version": "0.9.8",
      "license": "MIT",
      "dependencies": {
        "node-tado-client": "^0.9.5"
      },
      "devDependencies": {}
    },
    "node_modules/@hapi/boom": {
      "version": "9.1.2",
      "resolved": "https://registry.npmjs.org/@hapi/boom/-/boom-9.1.2.tgz",
      "integrity": "sha512-uJEJtiNHzKw80JpngDGBCGAmWjBtzxDCz17A9NO2zCi8LLBlb5Frpq4pXwyN+2JQMod4pKz5BALwyneCgDg89Q==",
      "dependencies": {
        "@hapi/hoek": "9.x.x"
      }
    },
    "node_modules/@hapi/bourne": {
      "version": "2.0.0",
      "resolved": "https://registry.npmjs.org/@hapi/bourne/-/bourne-2.0.0.tgz",
      "integrity": "sha512-WEezM1FWztfbzqIUbsDzFRVMxSoLy3HugVcux6KDDtTqzPsLE8NDRHfXvev66aH1i2oOKKar3/XDjbvh/OUBdg=="
    },
    "node_modules/@hapi/hoek": {
      "version": "9.2.0",
      "resolved": "https://registry.npmjs.org/@hapi/hoek/-/hoek-9.2.0.tgz",
      "integrity": "sha512-sqKVVVOe5ivCaXDWivIJYVSaEgdQK9ul7a4Kity5Iw7u9+wBAPbX1RMSnLLmp7O4Vzj0WOWwMAJsTL00xwaNug=="
    },
    "node_modules/@hapi/topo": {
      "version": "5.0.0",
      "resolved": "https://registry.npmjs.org/@hapi/topo/-/topo-5.0.0.tgz",
      "integrity": "sha512-tFJlT47db0kMqVm3H4nQYgn6Pwg10GTZHb1pwmSiv1K4ks6drQOtfEF5ZnPjkvC+y4/bUPHK+bc87QvLcL+WMw==",
      "dependencies": {
        "@hapi/hoek": "^9.0.0"
      }
    },
    "node_modules/@hapi/wreck": {
      "version": "17.1.0",
      "resolved": "https://registry.npmjs.org/@hapi/wreck/-/wreck-17.1.0.tgz",
      "integrity": "sha512-nx6sFyfqOpJ+EFrHX+XWwJAxs3ju4iHdbB/bwR8yTNZOiYmuhA8eCe7lYPtYmb4j7vyK/SlbaQsmTtUrMvPEBw==",
      "dependencies": {
        "@hapi/boom": "9.x.x",
        "@hapi/bourne": "2.x.x",
        "@hapi/hoek": "9.x.x"
      }
    },
    "node_modules/@sideway/address": {
      "version": "4.1.2",
      "resolved": "https://registry.npmjs.org/@sideway/address/-/address-4.1.2.tgz",
      "integrity": "sha512-idTz8ibqWFrPU8kMirL0CoPH/A29XOzzAzpyN3zQ4kAWnzmNfFmRaoMNN6VI8ske5M73HZyhIaW4OuSFIdM4oA==",
      "dependencies": {
        "@hapi/hoek": "^9.0.0"
      }
    },
    "node_modules/@sideway/formula": {
      "version": "3.0.0",
      "resolved": "https://registry.npmjs.org/@sideway/formula/-/formula-3.0.0.tgz",
      "integrity": "sha512-vHe7wZ4NOXVfkoRb8T5otiENVlT7a3IAiw7H5M2+GO+9CDgcVUUsX1zalAztCmwyOr2RUTGJdgB+ZvSVqmdHmg=="
    },
    "node_modules/@sideway/pinpoint": {
      "version": "2.0.0",
      "resolved": "https://registry.npmjs.org/@sideway/pinpoint/-/pinpoint-2.0.0.tgz",
      "integrity": "sha512-RNiOoTPkptFtSVzQevY/yWtZwf/RxyVnPy/OcA9HBM3MlGDnBEYL5B41H0MTn0Uec8Hi+2qUtTfG2WWZBmMejQ=="
    },
    "node_modules/axios": {
      "version": "0.21.1",
      "resolved": "https://registry.npmjs.org/axios/-/axios-0.21.1.tgz",
      "integrity": "sha512-dKQiRHxGD9PPRIUNIWvZhPTPpl1rf/OxTYKsqKUDjBwYylTvV7SjSHJb9ratfyzM6wCdLCOYLzs73qpg5c4iGA==",
      "dependencies": {
        "follow-redirects": "^1.10.0"
      }
    },
    "node_modules/debug": {
      "version": "4.3.1",
      "resolved": "https://registry.npmjs.org/debug/-/debug-4.3.1.tgz",
      "integrity": "sha512-doEwdvm4PCeK4K3RQN2ZC2BYUBaxwLARCqZmMjtF8a51J2Rb0xpVloFRnCODwqjpwnAoao4pelN8l3RJdv3gRQ==",
      "dependencies": {
        "ms": "2.1.2"
      },
      "engines": {
        "node": ">=6.0"
      },
      "peerDependenciesMeta": {
        "supports-color": {
          "optional": true
        }
      }
    },
    "node_modules/follow-redirects": {
      "version": "1.14.1",
      "resolved": "https://registry.npmjs.org/follow-redirects/-/follow-redirects-1.14.1.tgz",
      "integrity": "sha512-HWqDgT7ZEkqRzBvc2s64vSZ/hfOceEol3ac/7tKwzuvEyWx3/4UegXh5oBOIotkGsObyk3xznnSRVADBgWSQVg==",
      "funding": [
        {
          "type": "individual",
          "url": "https://github.com/sponsors/RubenVerborgh"
        }
      ],
      "engines": {
        "node": ">=4.0"
      },
      "peerDependenciesMeta": {
        "debug": {
          "optional": true
        }
      }
    },
    "node_modules/joi": {
      "version": "17.4.0",
      "resolved": "https://registry.npmjs.org/joi/-/joi-17.4.0.tgz",
      "integrity": "sha512-F4WiW2xaV6wc1jxete70Rw4V/VuMd6IN+a5ilZsxG4uYtUXWu2kq9W5P2dz30e7Gmw8RCbY/u/uk+dMPma9tAg==",
      "dependencies": {
        "@hapi/hoek": "^9.0.0",
        "@hapi/topo": "^5.0.0",
        "@sideway/address": "^4.1.0",
        "@sideway/formula": "^3.0.0",
        "@sideway/pinpoint": "^2.0.0"
      }
    },
    "node_modules/ms": {
      "version": "2.1.2",
      "resolved": "https://registry.npmjs.org/ms/-/ms-2.1.2.tgz",
      "integrity": "sha512-sGkPx+VjMtmA6MX27oA4FBFELFCZZ4S4XqeGOXCv68tT+jb3vk/RyaKWP0PTKyWtmLSM0b+adUTEvbs1PEaH2w=="
    },
    "node_modules/node-tado-client": {
      "version": "0.9.5",
      "resolved": "https://registry.npmjs.org/node-tado-client/-/node-tado-client-0.9.5.tgz",
      "integrity": "sha512-yGpohB32WWJAGWJSn/EsoGGjtS+m6yU0l6sbsze8n800Yh0Op+p9a9bO9Oa+rKoR3x/r/oGmStzeDDwz0LS68g==",
      "dependencies": {
        "axios": "^0.21.1",
        "simple-oauth2": "^4.2.0"
      }
    },
    "node_modules/simple-oauth2": {
      "version": "4.2.0",
      "resolved": "https://registry.npmjs.org/simple-oauth2/-/simple-oauth2-4.2.0.tgz",
      "integrity": "sha512-AV62tGdq9JfLd/uveKpeNtQl+VVm89a35QKlwGuvisYIjCoz2ZmTGRGuSIGiYr+QUhSKJ5kYN1jq2BBa/ac/GQ==",
      "dependencies": {
        "@hapi/hoek": "^9.0.4",
        "@hapi/wreck": "^17.0.0",
        "debug": "^4.1.1",
        "joi": "^17.3.0"
      }
    }
  },
  "dependencies": {
    "@hapi/boom": {
      "version": "9.1.2",
      "resolved": "https://registry.npmjs.org/@hapi/boom/-/boom-9.1.2.tgz",
      "integrity": "sha512-uJEJtiNHzKw80JpngDGBCGAmWjBtzxDCz17A9NO2zCi8LLBlb5Frpq4pXwyN+2JQMod4pKz5BALwyneCgDg89Q==",
      "requires": {
        "@hapi/hoek": "9.x.x"
      }
    },
    "@hapi/bourne": {
      "version": "2.0.0",
      "resolved": "https://registry.npmjs.org/@hapi/bourne/-/bourne-2.0.0.tgz",
      "integrity": "sha512-WEezM1FWztfbzqIUbsDzFRVMxSoLy3HugVcux6KDDtTqzPsLE8NDRHfXvev66aH1i2oOKKar3/XDjbvh/OUBdg=="
    },
    "@hapi/hoek": {
      "version": "9.2.0",
      "resolved": "https://registry.npmjs.org/@hapi/hoek/-/hoek-9.2.0.tgz",
      "integrity": "sha512-sqKVVVOe5ivCaXDWivIJYVSaEgdQK9ul7a4Kity5Iw7u9+wBAPbX1RMSnLLmp7O4Vzj0WOWwMAJsTL00xwaNug=="
    },
    "@hapi/topo": {
      "version": "5.0.0",
      "resolved": "https://registry.npmjs.org/@hapi/topo/-/topo-5.0.0.tgz",
      "integrity": "sha512-tFJlT47db0kMqVm3H4nQYgn6Pwg10GTZHb1pwmSiv1K4ks6drQOtfEF5ZnPjkvC+y4/bUPHK+bc87QvLcL+WMw==",
      "requires": {
        "@hapi/hoek": "^9.0.0"
      }
    },
    "@hapi/wreck": {
      "version": "17.1.0",
      "resolved": "https://registry.npmjs.org/@hapi/wreck/-/wreck-17.1.0.tgz",
      "integrity": "sha512-nx6sFyfqOpJ+EFrHX+XWwJAxs3ju4iHdbB/bwR8yTNZOiYmuhA8eCe7lYPtYmb4j7vyK/SlbaQsmTtUrMvPEBw==",
      "requires": {
        "@hapi/boom": "9.x.x",
        "@hapi/bourne": "2.x.x",
        "@hapi/hoek": "9.x.x"
      }
    },
    "@sideway/address": {
      "version": "4.1.2",
      "resolved": "https://registry.npmjs.org/@sideway/address/-/address-4.1.2.tgz",
      "integrity": "sha512-idTz8ibqWFrPU8kMirL0CoPH/A29XOzzAzpyN3zQ4kAWnzmNfFmRaoMNN6VI8ske5M73HZyhIaW4OuSFIdM4oA==",
      "requires": {
        "@hapi/hoek": "^9.0.0"
      }
    },
    "@sideway/formula": {
      "version": "3.0.0",
      "resolved": "https://registry.npmjs.org/@sideway/formula/-/formula-3.0.0.tgz",
      "integrity": "sha512-vHe7wZ4NOXVfkoRb8T5otiENVlT7a3IAiw7H5M2+GO+9CDgcVUUsX1zalAztCmwyOr2RUTGJdgB+ZvSVqmdHmg=="
    },
    "@sideway/pinpoint": {
      "version": "2.0.0",
      "resolved": "https://registry.npmjs.org/@sideway/pinpoint/-/pinpoint-2.0.0.tgz",
      "integrity": "sha512-RNiOoTPkptFtSVzQevY/yWtZwf/RxyVnPy/OcA9HBM3MlGDnBEYL5B41H0MTn0Uec8Hi+2qUtTfG2WWZBmMejQ=="
    },
    "axios": {
      "version": "0.21.1",
      "resolved": "https://registry.npmjs.org/axios/-/axios-0.21.1.tgz",
      "integrity": "sha512-dKQiRHxGD9PPRIUNIWvZhPTPpl1rf/OxTYKsqKUDjBwYylTvV7SjSHJb9ratfyzM6wCdLCOYLzs73qpg5c4iGA==",
      "requires": {
        "follow-redirects": "^1.10.0"
      }
    },
    "debug": {
      "version": "4.3.1",
      "resolved": "https://registry.npmjs.org/debug/-/debug-4.3.1.tgz",
      "integrity": "sha512-doEwdvm4PCeK4K3RQN2ZC2BYUBaxwLARCqZmMjtF8a51J2Rb0xpVloFRnCODwqjpwnAoao4pelN8l3RJdv3gRQ==",
      "requires": {
        "ms": "2.1.2"
      }
    },
    "follow-redirects": {
      "version": "1.14.1",
      "resolved": "https://registry.npmjs.org/follow-redirects/-/follow-redirects-1.14.1.tgz",
      "integrity": "sha512-HWqDgT7ZEkqRzBvc2s64vSZ/hfOceEol3ac/7tKwzuvEyWx3/4UegXh5oBOIotkGsObyk3xznnSRVADBgWSQVg=="
    },
    "joi": {
      "version": "17.4.0",
      "resolved": "https://registry.npmjs.org/joi/-/joi-17.4.0.tgz",
      "integrity": "sha512-F4WiW2xaV6wc1jxete70Rw4V/VuMd6IN+a5ilZsxG4uYtUXWu2kq9W5P2dz30e7Gmw8RCbY/u/uk+dMPma9tAg==",
      "requires": {
        "@hapi/hoek": "^9.0.0",
        "@hapi/topo": "^5.0.0",
        "@sideway/address": "^4.1.0",
        "@sideway/formula": "^3.0.0",
        "@sideway/pinpoint": "^2.0.0"
      }
    },
    "ms": {
      "version": "2.1.2",
      "resolved": "https://registry.npmjs.org/ms/-/ms-2.1.2.tgz",
      "integrity": "sha512-sGkPx+VjMtmA6MX27oA4FBFELFCZZ4S4XqeGOXCv68tT+jb3vk/RyaKWP0PTKyWtmLSM0b+adUTEvbs1PEaH2w=="
    },
    "node-tado-client": {
      "version": "0.9.5",
      "resolved": "https://registry.npmjs.org/node-tado-client/-/node-tado-client-0.9.5.tgz",
      "integrity": "sha512-yGpohB32WWJAGWJSn/EsoGGjtS+m6yU0l6sbsze8n800Yh0Op+p9a9bO9Oa+rKoR3x/r/oGmStzeDDwz0LS68g==",
      "requires": {
        "axios": "^0.21.1",
        "simple-oauth2": "^4.2.0"
      }
    },
    "simple-oauth2": {
      "version": "4.2.0",
      "resolved": "https://registry.npmjs.org/simple-oauth2/-/simple-oauth2-4.2.0.tgz",
      "integrity": "sha512-AV62tGdq9JfLd/uveKpeNtQl+VVm89a35QKlwGuvisYIjCoz2ZmTGRGuSIGiYr+QUhSKJ5kYN1jq2BBa/ac/GQ==",
      "requires": {
        "@hapi/hoek": "^9.0.4",
        "@hapi/wreck": "^17.0.0",
        "debug": "^4.1.1",
        "joi": "^17.3.0"
      }
    }
  }
}
